// !$*UTF8*$!
{
	archiveVersion = 1;
	classes = {
	};
	objectVersion = 50;
	objects = {

/* Begin PBXBuildFile section */
		A006CBCB23C13AEC000BFF39 /* NetworkManager.swift in Sources */ = {isa = PBXBuildFile; fileRef = A006CBCA23C13AEC000BFF39 /* NetworkManager.swift */; };
		A006CBCD23C17DE9000BFF39 /* CourseNetworkManager.swift in Sources */ = {isa = PBXBuildFile; fileRef = A006CBCC23C17DE9000BFF39 /* CourseNetworkManager.swift */; };
		A0E561FA23C121750041950C /* AppDelegate.swift in Sources */ = {isa = PBXBuildFile; fileRef = A0E561F923C121750041950C /* AppDelegate.swift */; };
		A0E561FC23C121750041950C /* SceneDelegate.swift in Sources */ = {isa = PBXBuildFile; fileRef = A0E561FB23C121750041950C /* SceneDelegate.swift */; };
		A0E561FE23C121750041950C /* ContentView.swift in Sources */ = {isa = PBXBuildFile; fileRef = A0E561FD23C121750041950C /* ContentView.swift */; };
		A0E5620023C121780041950C /* Assets.xcassets in Resources */ = {isa = PBXBuildFile; fileRef = A0E561FF23C121780041950C /* Assets.xcassets */; };
		A0E5620323C121780041950C /* Preview Assets.xcassets in Resources */ = {isa = PBXBuildFile; fileRef = A0E5620223C121780041950C /* Preview Assets.xcassets */; };
		A0E5620623C121780041950C /* LaunchScreen.storyboard in Resources */ = {isa = PBXBuildFile; fileRef = A0E5620423C121780041950C /* LaunchScreen.storyboard */; };
		A0E5621123C128BC0041950C /* CourseListView.swift in Sources */ = {isa = PBXBuildFile; fileRef = A0E5621023C128BC0041950C /* CourseListView.swift */; };
		A0E5621323C1291B0041950C /* SnipeList.swift in Sources */ = {isa = PBXBuildFile; fileRef = A0E5621223C1291B0041950C /* SnipeList.swift */; };
		A0E5621523C12B350041950C /* Subject.swift in Sources */ = {isa = PBXBuildFile; fileRef = A0E5621423C12B350041950C /* Subject.swift */; };
		A0E5621723C12FFC0041950C /* Course.swift in Sources */ = {isa = PBXBuildFile; fileRef = A0E5621623C12FFC0041950C /* Course.swift */; };
/* End PBXBuildFile section */

/* Begin PBXFileReference section */
		A006CBCA23C13AEC000BFF39 /* NetworkManager.swift */ = {isa = PBXFileReference; lastKnownFileType = sourcecode.swift; path = NetworkManager.swift; sourceTree = "<group>"; };
		A006CBCC23C17DE9000BFF39 /* CourseNetworkManager.swift */ = {isa = PBXFileReference; lastKnownFileType = sourcecode.swift; path = CourseNetworkManager.swift; sourceTree = "<group>"; };
		A0E561F623C121750041950C /* CourseSniper.app */ = {isa = PBXFileReference; explicitFileType = wrapper.application; includeInIndex = 0; path = CourseSniper.app; sourceTree = BUILT_PRODUCTS_DIR; };
		A0E561F923C121750041950C /* AppDelegate.swift */ = {isa = PBXFileReference; lastKnownFileType = sourcecode.swift; path = AppDelegate.swift; sourceTree = "<group>"; };
		A0E561FB23C121750041950C /* SceneDelegate.swift */ = {isa = PBXFileReference; lastKnownFileType = sourcecode.swift; path = SceneDelegate.swift; sourceTree = "<group>"; };
		A0E561FD23C121750041950C /* ContentView.swift */ = {isa = PBXFileReference; lastKnownFileType = sourcecode.swift; path = ContentView.swift; sourceTree = "<group>"; };
		A0E561FF23C121780041950C /* Assets.xcassets */ = {isa = PBXFileReference; lastKnownFileType = folder.assetcatalog; path = Assets.xcassets; sourceTree = "<group>"; };
		A0E5620223C121780041950C /* Preview Assets.xcassets */ = {isa = PBXFileReference; lastKnownFileType = folder.assetcatalog; path = "Preview Assets.xcassets"; sourceTree = "<group>"; };
		A0E5620523C121780041950C /* Base */ = {isa = PBXFileReference; lastKnownFileType = file.storyboard; name = Base; path = Base.lproj/LaunchScreen.storyboard; sourceTree = "<group>"; };
		A0E5620723C121780041950C /* Info.plist */ = {isa = PBXFileReference; lastKnownFileType = text.plist.xml; path = Info.plist; sourceTree = "<group>"; };
		A0E5621023C128BC0041950C /* CourseListView.swift */ = {isa = PBXFileReference; lastKnownFileType = sourcecode.swift; path = CourseListView.swift; sourceTree = "<group>"; };
		A0E5621223C1291B0041950C /* SnipeList.swift */ = {isa = PBXFileReference; lastKnownFileType = sourcecode.swift; path = SnipeList.swift; sourceTree = "<group>"; };
		A0E5621423C12B350041950C /* Subject.swift */ = {isa = PBXFileReference; lastKnownFileType = sourcecode.swift; path = Subject.swift; sourceTree = "<group>"; };
		A0E5621623C12FFC0041950C /* Course.swift */ = {isa = PBXFileReference; lastKnownFileType = sourcecode.swift; path = Course.swift; sourceTree = "<group>"; };
/* End PBXFileReference section */

/* Begin PBXFrameworksBuildPhase section */
		A0E561F323C121750041950C /* Frameworks */ = {
			isa = PBXFrameworksBuildPhase;
			buildActionMask = 2147483647;
			files = (
			);
			runOnlyForDeploymentPostprocessing = 0;
		};
/* End PBXFrameworksBuildPhase section */

/* Begin PBXGroup section */
		A0E561ED23C121750041950C = {
			isa = PBXGroup;
			children = (
				A0E561F823C121750041950C /* CourseSniper */,
				A0E561F723C121750041950C /* Products */,
			);
			sourceTree = "<group>";
		};
		A0E561F723C121750041950C /* Products */ = {
			isa = PBXGroup;
			children = (
				A0E561F623C121750041950C /* CourseSniper.app */,
			);
			name = Products;
			sourceTree = "<group>";
		};
		A0E561F823C121750041950C /* CourseSniper */ = {
			isa = PBXGroup;
			children = (
				A0E5620F23C1289D0041950C /* ViewModel */,
				A0E5620E23C128930041950C /* Model */,
				A0E5620D23C128860041950C /* View */,
				A0E561F923C121750041950C /* AppDelegate.swift */,
				A0E561FB23C121750041950C /* SceneDelegate.swift */,
				A0E561FF23C121780041950C /* Assets.xcassets */,
				A0E5620423C121780041950C /* LaunchScreen.storyboard */,
				A0E5620723C121780041950C /* Info.plist */,
				A0E5620123C121780041950C /* Preview Content */,
			);
			path = CourseSniper;
			sourceTree = "<group>";
		};
		A0E5620123C121780041950C /* Preview Content */ = {
			isa = PBXGroup;
			children = (
				A0E5620223C121780041950C /* Preview Assets.xcassets */,
			);
			path = "Preview Content";
			sourceTree = "<group>";
		};
		A0E5620D23C128860041950C /* View */ = {
			isa = PBXGroup;
			children = (
				A0E561FD23C121750041950C /* ContentView.swift */,
				A0E5621023C128BC0041950C /* CourseListView.swift */,
				A0E5621223C1291B0041950C /* SnipeList.swift */,
			);
			path = View;
			sourceTree = "<group>";
		};
		A0E5620E23C128930041950C /* Model */ = {
			isa = PBXGroup;
			children = (
				A0E5621423C12B350041950C /* Subject.swift */,
				A0E5621623C12FFC0041950C /* Course.swift */,
			);
			path = Model;
			sourceTree = "<group>";
		};
		A0E5620F23C1289D0041950C /* ViewModel */ = {
			isa = PBXGroup;
			children = (
				A006CBCA23C13AEC000BFF39 /* NetworkManager.swift */,
				A006CBCC23C17DE9000BFF39 /* CourseNetworkManager.swift */,
			);
			path = ViewModel;
			sourceTree = "<group>";
		};
/* End PBXGroup section */

/* Begin PBXNativeTarget section */
		A0E561F523C121750041950C /* CourseSniper */ = {
			isa = PBXNativeTarget;
			buildConfigurationList = A0E5620A23C121780041950C /* Build configuration list for PBXNativeTarget "CourseSniper" */;
			buildPhases = (
				A0E561F223C121750041950C /* Sources */,
				A0E561F323C121750041950C /* Frameworks */,
				A0E561F423C121750041950C /* Resources */,
			);
			buildRules = (
			);
			dependencies = (
			);
			name = CourseSniper;
			productName = CourseSniper;
			productReference = A0E561F623C121750041950C /* CourseSniper.app */;
			productType = "com.apple.product-type.application";
		};
/* End PBXNativeTarget section */

/* Begin PBXProject section */
		A0E561EE23C121750041950C /* Project object */ = {
			isa = PBXProject;
			attributes = {
				LastSwiftUpdateCheck = 1130;
				LastUpgradeCheck = 1130;
				ORGANIZATIONNAME = "Kirtan Patel";
				TargetAttributes = {
					A0E561F523C121750041950C = {
						CreatedOnToolsVersion = 11.3;
					};
				};
			};
			buildConfigurationList = A0E561F123C121750041950C /* Build configuration list for PBXProject "CourseSniper" */;
			compatibilityVersion = "Xcode 9.3";
			developmentRegion = en;
			hasScannedForEncodings = 0;
			knownRegions = (
				en,
				Base,
			);
			mainGroup = A0E561ED23C121750041950C;
			productRefGroup = A0E561F723C121750041950C /* Products */;
			projectDirPath = "";
			projectRoot = "";
			targets = (
				A0E561F523C121750041950C /* CourseSniper */,
			);
		};
/* End PBXProject section */

/* Begin PBXResourcesBuildPhase section */
		A0E561F423C121750041950C /* Resources */ = {
			isa = PBXResourcesBuildPhase;
			buildActionMask = 2147483647;
			files = (
				A0E5620623C121780041950C /* LaunchScreen.storyboard in Resources */,
				A0E5620323C121780041950C /* Preview Assets.xcassets in Resources */,
				A0E5620023C121780041950C /* Assets.xcassets in Resources */,
			);
			runOnlyForDeploymentPostprocessing = 0;
		};
/* End PBXResourcesBuildPhase section */

/* Begin PBXSourcesBuildPhase section */
		A0E561F223C121750041950C /* Sources */ = {
			isa = PBXSourcesBuildPhase;
			buildActionMask = 2147483647;
			files = (
				A006CBCD23C17DE9000BFF39 /* CourseNetworkManager.swift in Sources */,
				A0E561FA23C121750041950C /* AppDelegate.swift in Sources */,
				A0E5621723C12FFC0041950C /* Course.swift in Sources */,
				A0E5621323C1291B0041950C /* SnipeList.swift in Sources */,
				A0E5621523C12B350041950C /* Subject.swift in Sources */,
				A006CBCB23C13AEC000BFF39 /* NetworkManager.swift in Sources */,
				A0E561FC23C121750041950C /* SceneDelegate.swift in Sources */,
				A0E5621123C128BC0041950C /* CourseListView.swift in Sources */,
				A0E561FE23C121750041950C /* ContentView.swift in Sources */,
			);
			runOnlyForDeploymentPostprocessing = 0;
		};
/* End PBXSourcesBuildPhase section */

/* Begin PBXVariantGroup section */
		A0E5620423C121780041950C /* LaunchScreen.storyboard */ = {
			isa = PBXVariantGroup;
			children = (
				A0E5620523C121780041950C /* Base */,
			);
			name = LaunchScreen.storyboard;
			sourceTree = "<group>";
		};
/* End PBXVariantGroup section */

/* Begin XCBuildConfiguration section */
		A0E5620823C121780041950C /* Debug */ = {
			isa = XCBuildConfiguration;
			buildSettings = {
				ALWAYS_SEARCH_USER_PATHS = NO;
				CLANG_ANALYZER_NONNULL = YES;
				CLANG_ANALYZER_NUMBER_OBJECT_CONVERSION = YES_AGGRESSIVE;
				CLANG_CXX_LANGUAGE_STANDARD = "gnu++14";
				CLANG_CXX_LIBRARY = "libc++";
				CLANG_ENABLE_MODULES = YES;
				CLANG_ENABLE_OBJC_ARC = YES;
				CLANG_ENABLE_OBJC_WEAK = YES;
				CLANG_WARN_BLOCK_CAPTURE_AUTORELEASING = YES;
				CLANG_WARN_BOOL_CONVERSION = YES;
				CLANG_WARN_COMMA = YES;
				CLANG_WARN_CONSTANT_CONVERSION = YES;
				CLANG_WARN_DEPRECATED_OBJC_IMPLEMENTATIONS = YES;
				CLANG_WARN_DIRECT_OBJC_ISA_USAGE = YES_ERROR;
				CLANG_WARN_DOCUMENTATION_COMMENTS = YES;
				CLANG_WARN_EMPTY_BODY = YES;
				CLANG_WARN_ENUM_CONVERSION = YES;
				CLANG_WARN_INFINITE_RECURSION = YES;
				CLANG_WARN_INT_CONVERSION = YES;
				CLANG_WARN_NON_LITERAL_NULL_CONVERSION = YES;
				CLANG_WARN_OBJC_IMPLICIT_RETAIN_SELF = YES;
				CLANG_WARN_OBJC_LITERAL_CONVERSION = YES;
				CLANG_WARN_OBJC_ROOT_CLASS = YES_ERROR;
				CLANG_WARN_RANGE_LOOP_ANALYSIS = YES;
				CLANG_WARN_STRICT_PROTOTYPES = YES;
				CLANG_WARN_SUSPICIOUS_MOVE = YES;
				CLANG_WARN_UNGUARDED_AVAILABILITY = YES_AGGRESSIVE;
				CLANG_WARN_UNREACHABLE_CODE = YES;
				CLANG_WARN__DUPLICATE_METHOD_MATCH = YES;
				COPY_PHASE_STRIP = NO;
				DEBUG_INFORMATION_FORMAT = dwarf;
				ENABLE_STRICT_OBJC_MSGSEND = YES;
				ENABLE_TESTABILITY = YES;
				GCC_C_LANGUAGE_STANDARD = gnu11;
				GCC_DYNAMIC_NO_PIC = NO;
				GCC_NO_COMMON_BLOCKS = YES;
				GCC_OPTIMIZATION_LEVEL = 0;
				GCC_PREPROCESSOR_DEFINITIONS = (
					"DEBUG=1",
					"$(inherited)",
				);
				GCC_WARN_64_TO_32_BIT_CONVERSION = YES;
				GCC_WARN_ABOUT_RETURN_TYPE = YES_ERROR;
				GCC_WARN_UNDECLARED_SELECTOR = YES;
				GCC_WARN_UNINITIALIZED_AUTOS = YES_AGGRESSIVE;
				GCC_WARN_UNUSED_FUNCTION = YES;
				GCC_WARN_UNUSED_VARIABLE = YES;
				IPHONEOS_DEPLOYMENT_TARGET = 13.2;
				MTL_ENABLE_DEBUG_INFO = INCLUDE_SOURCE;
				MTL_FAST_MATH = YES;
				ONLY_ACTIVE_ARCH = YES;
				SDKROOT = iphoneos;
				SWIFT_ACTIVE_COMPILATION_CONDITIONS = DEBUG;
				SWIFT_OPTIMIZATION_LEVEL = "-Onone";
			};
			name = Debug;
		};
		A0E5620923C121780041950C /* Release */ = {
			isa = XCBuildConfiguration;
			buildSettings = {
				ALWAYS_SEARCH_USER_PATHS = NO;
				CLANG_ANALYZER_NONNULL = YES;
				CLANG_ANALYZER_NUMBER_OBJECT_CONVERSION = YES_AGGRESSIVE;
				CLANG_CXX_LANGUAGE_STANDARD = "gnu++14";
				CLANG_CXX_LIBRARY = "libc++";
				CLANG_ENABLE_MODULES = YES;
				CLANG_ENABLE_OBJC_ARC = YES;
				CLANG_ENABLE_OBJC_WEAK = YES;
				CLANG_WARN_BLOCK_CAPTURE_AUTORELEASING = YES;
				CLANG_WARN_BOOL_CONVERSION = YES;
				CLANG_WARN_COMMA = YES;
				CLANG_WARN_CONSTANT_CONVERSION = YES;
				CLANG_WARN_DEPRECATED_OBJC_IMPLEMENTATIONS = YES;
				CLANG_WARN_DIRECT_OBJC_ISA_USAGE = YES_ERROR;
				CLANG_WARN_DOCUMENTATION_COMMENTS = YES;
				CLANG_WARN_EMPTY_BODY = YES;
				CLANG_WARN_ENUM_CONVERSION = YES;
				CLANG_WARN_INFINITE_RECURSION = YES;
				CLANG_WARN_INT_CONVERSION = YES;
				CLANG_WARN_NON_LITERAL_NULL_CONVERSION = YES;
				CLANG_WARN_OBJC_IMPLICIT_RETAIN_SELF = YES;
				CLANG_WARN_OBJC_LITERAL_CONVERSION = YES;
				CLANG_WARN_OBJC_ROOT_CLASS = YES_ERROR;
				CLANG_WARN_RANGE_LOOP_ANALYSIS = YES;
				CLANG_WARN_STRICT_PROTOTYPES = YES;
				CLANG_WARN_SUSPICIOUS_MOVE = YES;
				CLANG_WARN_UNGUARDED_AVAILABILITY = YES_AGGRESSIVE;
				CLANG_WARN_UNREACHABLE_CODE = YES;
				CLANG_WARN__DUPLICATE_METHOD_MATCH = YES;
				COPY_PHASE_STRIP = NO;
				DEBUG_INFORMATION_FORMAT = "dwarf-with-dsym";
				ENABLE_NS_ASSERTIONS = NO;
				ENABLE_STRICT_OBJC_MSGSEND = YES;
				GCC_C_LANGUAGE_STANDARD = gnu11;
				GCC_NO_COMMON_BLOCKS = YES;
				GCC_WARN_64_TO_32_BIT_CONVERSION = YES;
				GCC_WARN_ABOUT_RETURN_TYPE = YES_ERROR;
				GCC_WARN_UNDECLARED_SELECTOR = YES;
				GCC_WARN_UNINITIALIZED_AUTOS = YES_AGGRESSIVE;
				GCC_WARN_UNUSED_FUNCTION = YES;
				GCC_WARN_UNUSED_VARIABLE = YES;
				IPHONEOS_DEPLOYMENT_TARGET = 13.2;
				MTL_ENABLE_DEBUG_INFO = NO;
				MTL_FAST_MATH = YES;
				SDKROOT = iphoneos;
				SWIFT_COMPILATION_MODE = wholemodule;
				SWIFT_OPTIMIZATION_LEVEL = "-O";
				VALIDATE_PRODUCT = YES;
			};
			name = Release;
		};
		A0E5620B23C121780041950C /* Debug */ = {
			isa = XCBuildConfiguration;
			buildSettings = {
				ASSETCATALOG_COMPILER_APPICON_NAME = AppIcon;
				CODE_SIGN_STYLE = Automatic;
				DEVELOPMENT_ASSET_PATHS = "\"CourseSniper/Preview Content\"";
				DEVELOPMENT_TEAM = SGJZQ53648;
				ENABLE_PREVIEWS = YES;
				INFOPLIST_FILE = CourseSniper/Info.plist;
				LD_RUNPATH_SEARCH_PATHS = (
					"$(inherited)",
					"@executable_path/Frameworks",
				);
				PRODUCT_BUNDLE_IDENTIFIER = me.kirtanpatel.CourseSniper;
				PRODUCT_NAME = "$(TARGET_NAME)";
				SWIFT_VERSION = 5.0;
				TARGETED_DEVICE_FAMILY = 1;
			};
			name = Debug;
		};
		A0E5620C23C121780041950C /* Release */ = {
			isa = XCBuildConfiguration;
			buildSettings = {
				ASSETCATALOG_COMPILER_APPICON_NAME = AppIcon;
				CODE_SIGN_STYLE = Automatic;
				DEVELOPMENT_ASSET_PATHS = "\"CourseSniper/Preview Content\"";
				DEVELOPMENT_TEAM = SGJZQ53648;
				ENABLE_PREVIEWS = YES;
				INFOPLIST_FILE = CourseSniper/Info.plist;
				LD_RUNPATH_SEARCH_PATHS = (
					"$(inherited)",
					"@executable_path/Frameworks",
				);
				PRODUCT_BUNDLE_IDENTIFIER = me.kirtanpatel.CourseSniper;
				PRODUCT_NAME = "$(TARGET_NAME)";
				SWIFT_VERSION = 5.0;
				TARGETED_DEVICE_FAMILY = 1;
			};
			name = Release;
		};
/* End XCBuildConfiguration section */

/* Begin XCConfigurationList section */
		A0E561F123C121750041950C /* Build configuration list for PBXProject "CourseSniper" */ = {
			isa = XCConfigurationList;
			buildConfigurations = (
				A0E5620823C121780041950C /* Debug */,
				A0E5620923C121780041950C /* Release */,
			);
			defaultConfigurationIsVisible = 0;
			defaultConfigurationName = Release;
		};
		A0E5620A23C121780041950C /* Build configuration list for PBXNativeTarget "CourseSniper" */ = {
			isa = XCConfigurationList;
			buildConfigurations = (
				A0E5620B23C121780041950C /* Debug */,
				A0E5620C23C121780041950C /* Release */,
			);
			defaultConfigurationIsVisible = 0;
			defaultConfigurationName = Release;
		};
/* End XCConfigurationList section */
	};
	rootObject = A0E561EE23C121750041950C /* Project object */;
}
